# THIS IS AN AUTOGENERATED FILE. DO NOT EDIT THIS FILE DIRECTLY.
# yarn lockfile v1


babel-runtime@^6.23.0:
  version "6.23.0"
  resolved "https://registry.yarnpkg.com/babel-runtime/-/babel-runtime-6.23.0.tgz#0a9489f144de70efb3ce4300accdb329e2fc543b"
  dependencies:
    core-js "^2.4.0"
    regenerator-runtime "^0.10.0"

core-js@^2.4.0:
  version "2.4.1"
  resolved "https://registry.yarnpkg.com/core-js/-/core-js-2.4.1.tgz#4de911e667b0eae9124e34254b53aea6fc618d3e"

regenerator-runtime@^0.10.0:
  version "0.10.3"
  resolved "https://registry.yarnpkg.com/regenerator-runtime/-/regenerator-runtime-0.10.3.tgz#8c4367a904b51ea62a908ac310bf99ff90a82a3e"

settle-promise@^1.0.0:
  version "1.0.0"
  resolved "https://registry.yarnpkg.com/settle-promise/-/settle-promise-1.0.0.tgz#697adb58b821f387ce2757c06efc9de5f0ee33d8"

source-map@^0.5.6:
  version "0.5.6"
  resolved "https://registry.yarnpkg.com/source-map/-/source-map-0.5.6.tgz#75ce38f52bf0733c5a7f0c118d81334a2bb5f412"

stack-frame-parser@0.4.0:
  version "0.4.0"
  resolved "https://registry.yarnpkg.com/stack-frame-parser/-/stack-frame-parser-0.4.0.tgz#9b7f856fa6a9ef86e5d8cd3b11e33a48f52c1bb6"
  dependencies:
    stack-frame "0.4.0"

stack-frame-utils@0.4.0:
  version "0.4.0"
  resolved "https://registry.yarnpkg.com/stack-frame-utils/-/stack-frame-utils-0.4.0.tgz#3ecd38765690c1e2ee7127057cc11ac3b7038d36"
  dependencies:
    babel-runtime "^6.23.0"
    source-map "^0.5.6"

stack-frame@0.4.0:
  version "0.4.0"
  resolved "https://registry.yarnpkg.com/stack-frame/-/stack-frame-0.4.0.tgz#147100cbb78bd69a0a0a318ea2c0af8406ffbb95"
